// !$*UTF8*$!
{
	archiveVersion = 1;
	classes = {
	};
	objectVersion = 50;
	objects = {

/* Begin PBXBuildFile section */
		7A4EB7FD22959B0200257009 /* AppDelegate.swift in Sources */ = {isa = PBXBuildFile; fileRef = 7A4EB7FC22959B0200257009 /* AppDelegate.swift */; };
		7A4EB80222959B0200257009 /* Main.storyboard in Resources */ = {isa = PBXBuildFile; fileRef = 7A4EB80022959B0200257009 /* Main.storyboard */; };
		7A4EB80422959B0300257009 /* Assets.xcassets in Resources */ = {isa = PBXBuildFile; fileRef = 7A4EB80322959B0300257009 /* Assets.xcassets */; };
		7A4EB80722959B0300257009 /* LaunchScreen.storyboard in Resources */ = {isa = PBXBuildFile; fileRef = 7A4EB80522959B0300257009 /* LaunchScreen.storyboard */; };
		7A4EB81222959B0300257009 /* PhotoViewerTests.swift in Sources */ = {isa = PBXBuildFile; fileRef = 7A4EB81122959B0300257009 /* PhotoViewerTests.swift */; };
		7A4EB81D22959B0300257009 /* PhotoViewerUITests.swift in Sources */ = {isa = PBXBuildFile; fileRef = 7A4EB81C22959B0300257009 /* PhotoViewerUITests.swift */; };
		7A4EB82E22959C7F00257009 /* HomeViewController.swift in Sources */ = {isa = PBXBuildFile; fileRef = 7A4EB82D22959C7F00257009 /* HomeViewController.swift */; };
		7A4EB83022959C8E00257009 /* WelcomeViewController.swift in Sources */ = {isa = PBXBuildFile; fileRef = 7A4EB82F22959C8E00257009 /* WelcomeViewController.swift */; };
		7A4EB83222959C9B00257009 /* PhotoDetailsViewController.swift in Sources */ = {isa = PBXBuildFile; fileRef = 7A4EB83122959C9B00257009 /* PhotoDetailsViewController.swift */; };
		7A4EB83422959CFB00257009 /* DefaultTableHeaderView.swift in Sources */ = {isa = PBXBuildFile; fileRef = 7A4EB83322959CFB00257009 /* DefaultTableHeaderView.swift */; };
		7A4EB83822959D9D00257009 /* DefaultTableHeaderView.xib in Resources */ = {isa = PBXBuildFile; fileRef = 7A4EB83722959D9D00257009 /* DefaultTableHeaderView.xib */; };
		7A4EB83B22959DF600257009 /* WebserviceRequestManager.swift in Sources */ = {isa = PBXBuildFile; fileRef = 7A4EB83A22959DF600257009 /* WebserviceRequestManager.swift */; };
		7A4EB83D22959E1000257009 /* WebserviceCallManager.swift in Sources */ = {isa = PBXBuildFile; fileRef = 7A4EB83C22959E1000257009 /* WebserviceCallManager.swift */; };
		7A4EB83F22959E1C00257009 /* PhotoServiceHelper.swift in Sources */ = {isa = PBXBuildFile; fileRef = 7A4EB83E22959E1C00257009 /* PhotoServiceHelper.swift */; };
		7A4EB84522959EAA00257009 /* PhotoData.swift in Sources */ = {isa = PBXBuildFile; fileRef = 7A4EB84422959EAA00257009 /* PhotoData.swift */; };
		7A4EB84722959ED400257009 /* PhotoTableDataSource.swift in Sources */ = {isa = PBXBuildFile; fileRef = 7A4EB84622959ED400257009 /* PhotoTableDataSource.swift */; };
		7A4EB84A22959F1800257009 /* Reachability.swift in Sources */ = {isa = PBXBuildFile; fileRef = 7A4EB84922959F1800257009 /* Reachability.swift */; };
		7A4EB84C22959F2400257009 /* NetworkMonitoringManager.swift in Sources */ = {isa = PBXBuildFile; fileRef = 7A4EB84B22959F2400257009 /* NetworkMonitoringManager.swift */; };
		7A4EB84F22959F6800257009 /* PhotoDownloadManager.swift in Sources */ = {isa = PBXBuildFile; fileRef = 7A4EB84E22959F6800257009 /* PhotoDownloadManager.swift */; };
		7A4EB85222959F8E00257009 /* LoadingOverlay.swift in Sources */ = {isa = PBXBuildFile; fileRef = 7A4EB85122959F8E00257009 /* LoadingOverlay.swift */; };
		7A4EB85422959F9A00257009 /* CommonAlertView.swift in Sources */ = {isa = PBXBuildFile; fileRef = 7A4EB85322959F9A00257009 /* CommonAlertView.swift */; };
		7A4EB85722959FE400257009 /* PhotoCellItem.swift in Sources */ = {isa = PBXBuildFile; fileRef = 7A4EB85622959FE400257009 /* PhotoCellItem.swift */; };
		7A4EB85922959FEE00257009 /* TableSection.swift in Sources */ = {isa = PBXBuildFile; fileRef = 7A4EB85822959FEE00257009 /* TableSection.swift */; };
		7A4EB85B22959FF700257009 /* TableHeaderItem.swift in Sources */ = {isa = PBXBuildFile; fileRef = 7A4EB85A22959FF700257009 /* TableHeaderItem.swift */; };
		7A4EB85D2295A00000257009 /* TableSectionItem.swift in Sources */ = {isa = PBXBuildFile; fileRef = 7A4EB85C2295A00000257009 /* TableSectionItem.swift */; };
		7A4EB85F2295A00B00257009 /* PhotoHeaderItem.swift in Sources */ = {isa = PBXBuildFile; fileRef = 7A4EB85E2295A00B00257009 /* PhotoHeaderItem.swift */; };
		7A4EB8622295A07600257009 /* Websettings.swift in Sources */ = {isa = PBXBuildFile; fileRef = 7A4EB8612295A07600257009 /* Websettings.swift */; };
		7A4EB8652295A0B300257009 /* PhotoviewerConstants.swift in Sources */ = {isa = PBXBuildFile; fileRef = 7A4EB8642295A0B300257009 /* PhotoviewerConstants.swift */; };
		7A4EB8682295A0E000257009 /* MarqueeLabel.swift in Sources */ = {isa = PBXBuildFile; fileRef = 7A4EB8672295A0E000257009 /* MarqueeLabel.swift */; };
		7A4EB86B2295A17500257009 /*  XCTestCase+Extension.swift in Sources */ = {isa = PBXBuildFile; fileRef = 7A4EB86A2295A17500257009 /*  XCTestCase+Extension.swift */; };
		7A4EB86E2295A1C300257009 /* CommonAlertViewTestCase.swift in Sources */ = {isa = PBXBuildFile; fileRef = 7A4EB86D2295A1C300257009 /* CommonAlertViewTestCase.swift */; };
		7A4EB8712295A1FB00257009 /* PhotoTableDataSourceManagerTestCase.swift in Sources */ = {isa = PBXBuildFile; fileRef = 7A4EB8702295A1FB00257009 /* PhotoTableDataSourceManagerTestCase.swift */; };
		7A4EB8752295A28300257009 /* PhotoTestData.swift in Sources */ = {isa = PBXBuildFile; fileRef = 7A4EB8742295A28300257009 /* PhotoTestData.swift */; };
		7A4EB8782295A2C400257009 /* MockPhotoServiceHelper.swift in Sources */ = {isa = PBXBuildFile; fileRef = 7A4EB8772295A2C400257009 /* MockPhotoServiceHelper.swift */; };
		7A4EB87B2295A32300257009 /* WelcomeViewControllerUITest.swift in Sources */ = {isa = PBXBuildFile; fileRef = 7A4EB87A2295A32300257009 /* WelcomeViewControllerUITest.swift */; };
		7A4EB87D2295A32C00257009 /* HomeViewControllerUITest.swift in Sources */ = {isa = PBXBuildFile; fileRef = 7A4EB87C2295A32C00257009 /* HomeViewControllerUITest.swift */; };
		7A4EB87F2295A33500257009 /* PhotoDetailsViewControllerUITest.swift in Sources */ = {isa = PBXBuildFile; fileRef = 7A4EB87E2295A33500257009 /* PhotoDetailsViewControllerUITest.swift */; };
		7A4EB8822295A38300257009 /* WelcomeViewScreen.swift in Sources */ = {isa = PBXBuildFile; fileRef = 7A4EB8812295A38300257009 /* WelcomeViewScreen.swift */; };
		7A4EB8842295A38C00257009 /* HomeScreen.swift in Sources */ = {isa = PBXBuildFile; fileRef = 7A4EB8832295A38C00257009 /* HomeScreen.swift */; };
		7A4EB8862295A39400257009 /* PhotoDetailsScreen.swift in Sources */ = {isa = PBXBuildFile; fileRef = 7A4EB8852295A39400257009 /* PhotoDetailsScreen.swift */; };
		7A4EB8882295A3D200257009 /* AppLaunch.swift in Sources */ = {isa = PBXBuildFile; fileRef = 7A4EB8872295A3D200257009 /* AppLaunch.swift */; };
		7A4EB88B2295A3F500257009 /* SystemConfiguration.framework in Frameworks */ = {isa = PBXBuildFile; fileRef = 7A4EB88A2295A3F500257009 /* SystemConfiguration.framework */; };
		7A4EB88C2295A54600257009 /*  XCTestCase+Extension.swift in Sources */ = {isa = PBXBuildFile; fileRef = 7A4EB86A2295A17500257009 /*  XCTestCase+Extension.swift */; };
		7A4EB88F2295A86700257009 /* WelcomeViewControllerTestCase.swift in Sources */ = {isa = PBXBuildFile; fileRef = 7A4EB88E2295A86700257009 /* WelcomeViewControllerTestCase.swift */; };
		7A4EB8912295A87D00257009 /* HomeViewControllerTestCase.swift in Sources */ = {isa = PBXBuildFile; fileRef = 7A4EB8902295A87D00257009 /* HomeViewControllerTestCase.swift */; };
		7A4EB8932295A88700257009 /* PhotoDetailsViewControllerTestCase.swift in Sources */ = {isa = PBXBuildFile; fileRef = 7A4EB8922295A88700257009 /* PhotoDetailsViewControllerTestCase.swift */; };
		7A4EB8942295A8E400257009 /* PhotoviewerConstants.swift in Sources */ = {isa = PBXBuildFile; fileRef = 7A4EB8642295A0B300257009 /* PhotoviewerConstants.swift */; };
		7A4EB8952295A8E500257009 /* PhotoviewerConstants.swift in Sources */ = {isa = PBXBuildFile; fileRef = 7A4EB8642295A0B300257009 /* PhotoviewerConstants.swift */; };
/* End PBXBuildFile section */

/* Begin PBXContainerItemProxy section */
		7A4EB80E22959B0300257009 /* PBXContainerItemProxy */ = {
			isa = PBXContainerItemProxy;
			containerPortal = 7A4EB7F122959B0100257009 /* Project object */;
			proxyType = 1;
			remoteGlobalIDString = 7A4EB7F822959B0100257009;
			remoteInfo = PhotoViewer;
		};
		7A4EB81922959B0300257009 /* PBXContainerItemProxy */ = {
			isa = PBXContainerItemProxy;
			containerPortal = 7A4EB7F122959B0100257009 /* Project object */;
			proxyType = 1;
			remoteGlobalIDString = 7A4EB7F822959B0100257009;
			remoteInfo = PhotoViewer;
		};
/* End PBXContainerItemProxy section */

/* Begin PBXFileReference section */
		7A4EB7F922959B0100257009 /* PhotoViewer.app */ = {isa = PBXFileReference; explicitFileType = wrapper.application; includeInIndex = 0; path = PhotoViewer.app; sourceTree = BUILT_PRODUCTS_DIR; };
		7A4EB7FC22959B0200257009 /* AppDelegate.swift */ = {isa = PBXFileReference; lastKnownFileType = sourcecode.swift; path = AppDelegate.swift; sourceTree = "<group>"; };
		7A4EB80122959B0200257009 /* Base */ = {isa = PBXFileReference; lastKnownFileType = file.storyboard; name = Base; path = Base.lproj/Main.storyboard; sourceTree = "<group>"; };
		7A4EB80322959B0300257009 /* Assets.xcassets */ = {isa = PBXFileReference; lastKnownFileType = folder.assetcatalog; path = Assets.xcassets; sourceTree = "<group>"; };
		7A4EB80622959B0300257009 /* Base */ = {isa = PBXFileReference; lastKnownFileType = file.storyboard; name = Base; path = Base.lproj/LaunchScreen.storyboard; sourceTree = "<group>"; };
		7A4EB80822959B0300257009 /* Info.plist */ = {isa = PBXFileReference; lastKnownFileType = text.plist.xml; path = Info.plist; sourceTree = "<group>"; };
		7A4EB80D22959B0300257009 /* PhotoViewerTests.xctest */ = {isa = PBXFileReference; explicitFileType = wrapper.cfbundle; includeInIndex = 0; path = PhotoViewerTests.xctest; sourceTree = BUILT_PRODUCTS_DIR; };
		7A4EB81122959B0300257009 /* PhotoViewerTests.swift */ = {isa = PBXFileReference; lastKnownFileType = sourcecode.swift; path = PhotoViewerTests.swift; sourceTree = "<group>"; };
		7A4EB81322959B0300257009 /* Info.plist */ = {isa = PBXFileReference; lastKnownFileType = text.plist.xml; path = Info.plist; sourceTree = "<group>"; };
		7A4EB81822959B0300257009 /* PhotoViewerUITests.xctest */ = {isa = PBXFileReference; explicitFileType = wrapper.cfbundle; includeInIndex = 0; path = PhotoViewerUITests.xctest; sourceTree = BUILT_PRODUCTS_DIR; };
		7A4EB81C22959B0300257009 /* PhotoViewerUITests.swift */ = {isa = PBXFileReference; lastKnownFileType = sourcecode.swift; path = PhotoViewerUITests.swift; sourceTree = "<group>"; };
		7A4EB81E22959B0300257009 /* Info.plist */ = {isa = PBXFileReference; lastKnownFileType = text.plist.xml; path = Info.plist; sourceTree = "<group>"; };
		7A4EB82D22959C7F00257009 /* HomeViewController.swift */ = {isa = PBXFileReference; fileEncoding = 4; lastKnownFileType = sourcecode.swift; path = HomeViewController.swift; sourceTree = "<group>"; };
		7A4EB82F22959C8E00257009 /* WelcomeViewController.swift */ = {isa = PBXFileReference; lastKnownFileType = sourcecode.swift; path = WelcomeViewController.swift; sourceTree = "<group>"; };
		7A4EB83122959C9B00257009 /* PhotoDetailsViewController.swift */ = {isa = PBXFileReference; lastKnownFileType = sourcecode.swift; path = PhotoDetailsViewController.swift; sourceTree = "<group>"; };
		7A4EB83322959CFB00257009 /* DefaultTableHeaderView.swift */ = {isa = PBXFileReference; lastKnownFileType = sourcecode.swift; path = DefaultTableHeaderView.swift; sourceTree = "<group>"; };
		7A4EB83722959D9D00257009 /* DefaultTableHeaderView.xib */ = {isa = PBXFileReference; lastKnownFileType = file.xib; path = DefaultTableHeaderView.xib; sourceTree = "<group>"; };
		7A4EB83A22959DF600257009 /* WebserviceRequestManager.swift */ = {isa = PBXFileReference; lastKnownFileType = sourcecode.swift; path = WebserviceRequestManager.swift; sourceTree = "<group>"; };
		7A4EB83C22959E1000257009 /* WebserviceCallManager.swift */ = {isa = PBXFileReference; lastKnownFileType = sourcecode.swift; path = WebserviceCallManager.swift; sourceTree = "<group>"; };
		7A4EB83E22959E1C00257009 /* PhotoServiceHelper.swift */ = {isa = PBXFileReference; lastKnownFileType = sourcecode.swift; path = PhotoServiceHelper.swift; sourceTree = "<group>"; };
		7A4EB84422959EAA00257009 /* PhotoData.swift */ = {isa = PBXFileReference; lastKnownFileType = sourcecode.swift; path = PhotoData.swift; sourceTree = "<group>"; };
		7A4EB84622959ED400257009 /* PhotoTableDataSource.swift */ = {isa = PBXFileReference; lastKnownFileType = sourcecode.swift; path = PhotoTableDataSource.swift; sourceTree = "<group>"; };
		7A4EB84922959F1800257009 /* Reachability.swift */ = {isa = PBXFileReference; lastKnownFileType = sourcecode.swift; path = Reachability.swift; sourceTree = "<group>"; };
		7A4EB84B22959F2400257009 /* NetworkMonitoringManager.swift */ = {isa = PBXFileReference; lastKnownFileType = sourcecode.swift; path = NetworkMonitoringManager.swift; sourceTree = "<group>"; };
		7A4EB84E22959F6800257009 /* PhotoDownloadManager.swift */ = {isa = PBXFileReference; lastKnownFileType = sourcecode.swift; path = PhotoDownloadManager.swift; sourceTree = "<group>"; };
		7A4EB85122959F8E00257009 /* LoadingOverlay.swift */ = {isa = PBXFileReference; lastKnownFileType = sourcecode.swift; path = LoadingOverlay.swift; sourceTree = "<group>"; };
		7A4EB85322959F9A00257009 /* CommonAlertView.swift */ = {isa = PBXFileReference; lastKnownFileType = sourcecode.swift; path = CommonAlertView.swift; sourceTree = "<group>"; };
		7A4EB85622959FE400257009 /* PhotoCellItem.swift */ = {isa = PBXFileReference; lastKnownFileType = sourcecode.swift; path = PhotoCellItem.swift; sourceTree = "<group>"; };
		7A4EB85822959FEE00257009 /* TableSection.swift */ = {isa = PBXFileReference; lastKnownFileType = sourcecode.swift; path = TableSection.swift; sourceTree = "<group>"; };
		7A4EB85A22959FF700257009 /* TableHeaderItem.swift */ = {isa = PBXFileReference; lastKnownFileType = sourcecode.swift; path = TableHeaderItem.swift; sourceTree = "<group>"; };
		7A4EB85C2295A00000257009 /* TableSectionItem.swift */ = {isa = PBXFileReference; lastKnownFileType = sourcecode.swift; path = TableSectionItem.swift; sourceTree = "<group>"; };
		7A4EB85E2295A00B00257009 /* PhotoHeaderItem.swift */ = {isa = PBXFileReference; lastKnownFileType = sourcecode.swift; path = PhotoHeaderItem.swift; sourceTree = "<group>"; };
		7A4EB8612295A07600257009 /* Websettings.swift */ = {isa = PBXFileReference; lastKnownFileType = sourcecode.swift; path = Websettings.swift; sourceTree = "<group>"; };
		7A4EB8642295A0B300257009 /* PhotoviewerConstants.swift */ = {isa = PBXFileReference; lastKnownFileType = sourcecode.swift; path = PhotoviewerConstants.swift; sourceTree = "<group>"; };
		7A4EB8672295A0E000257009 /* MarqueeLabel.swift */ = {isa = PBXFileReference; lastKnownFileType = sourcecode.swift; path = MarqueeLabel.swift; sourceTree = "<group>"; };
		7A4EB86A2295A17500257009 /*  XCTestCase+Extension.swift */ = {isa = PBXFileReference; lastKnownFileType = sourcecode.swift; path = " XCTestCase+Extension.swift"; sourceTree = "<group>"; };
		7A4EB86D2295A1C300257009 /* CommonAlertViewTestCase.swift */ = {isa = PBXFileReference; lastKnownFileType = sourcecode.swift; path = CommonAlertViewTestCase.swift; sourceTree = "<group>"; };
		7A4EB8702295A1FB00257009 /* PhotoTableDataSourceManagerTestCase.swift */ = {isa = PBXFileReference; lastKnownFileType = sourcecode.swift; path = PhotoTableDataSourceManagerTestCase.swift; sourceTree = "<group>"; };
		7A4EB8742295A28300257009 /* PhotoTestData.swift */ = {isa = PBXFileReference; lastKnownFileType = sourcecode.swift; path = PhotoTestData.swift; sourceTree = "<group>"; };
		7A4EB8772295A2C400257009 /* MockPhotoServiceHelper.swift */ = {isa = PBXFileReference; lastKnownFileType = sourcecode.swift; path = MockPhotoServiceHelper.swift; sourceTree = "<group>"; };
		7A4EB87A2295A32300257009 /* WelcomeViewControllerUITest.swift */ = {isa = PBXFileReference; lastKnownFileType = sourcecode.swift; path = WelcomeViewControllerUITest.swift; sourceTree = "<group>"; };
		7A4EB87C2295A32C00257009 /* HomeViewControllerUITest.swift */ = {isa = PBXFileReference; lastKnownFileType = sourcecode.swift; path = HomeViewControllerUITest.swift; sourceTree = "<group>"; };
		7A4EB87E2295A33500257009 /* PhotoDetailsViewControllerUITest.swift */ = {isa = PBXFileReference; lastKnownFileType = sourcecode.swift; path = PhotoDetailsViewControllerUITest.swift; sourceTree = "<group>"; };
		7A4EB8812295A38300257009 /* WelcomeViewScreen.swift */ = {isa = PBXFileReference; lastKnownFileType = sourcecode.swift; path = WelcomeViewScreen.swift; sourceTree = "<group>"; };
		7A4EB8832295A38C00257009 /* HomeScreen.swift */ = {isa = PBXFileReference; lastKnownFileType = sourcecode.swift; path = HomeScreen.swift; sourceTree = "<group>"; };
		7A4EB8852295A39400257009 /* PhotoDetailsScreen.swift */ = {isa = PBXFileReference; lastKnownFileType = sourcecode.swift; path = PhotoDetailsScreen.swift; sourceTree = "<group>"; };
		7A4EB8872295A3D200257009 /* AppLaunch.swift */ = {isa = PBXFileReference; lastKnownFileType = sourcecode.swift; path = AppLaunch.swift; sourceTree = "<group>"; };
		7A4EB88A2295A3F500257009 /* SystemConfiguration.framework */ = {isa = PBXFileReference; lastKnownFileType = wrapper.framework; name = SystemConfiguration.framework; path = System/Library/Frameworks/SystemConfiguration.framework; sourceTree = SDKROOT; };
		7A4EB88E2295A86700257009 /* WelcomeViewControllerTestCase.swift */ = {isa = PBXFileReference; lastKnownFileType = sourcecode.swift; path = WelcomeViewControllerTestCase.swift; sourceTree = "<group>"; };
		7A4EB8902295A87D00257009 /* HomeViewControllerTestCase.swift */ = {isa = PBXFileReference; lastKnownFileType = sourcecode.swift; path = HomeViewControllerTestCase.swift; sourceTree = "<group>"; };
		7A4EB8922295A88700257009 /* PhotoDetailsViewControllerTestCase.swift */ = {isa = PBXFileReference; lastKnownFileType = sourcecode.swift; path = PhotoDetailsViewControllerTestCase.swift; sourceTree = "<group>"; };
/* End PBXFileReference section */

/* Begin PBXFrameworksBuildPhase section */
		7A4EB7F622959B0100257009 /* Frameworks */ = {
			isa = PBXFrameworksBuildPhase;
			buildActionMask = 2147483647;
			files = (
				7A4EB88B2295A3F500257009 /* SystemConfiguration.framework in Frameworks */,
			);
			runOnlyForDeploymentPostprocessing = 0;
		};
		7A4EB80A22959B0300257009 /* Frameworks */ = {
			isa = PBXFrameworksBuildPhase;
			buildActionMask = 2147483647;
			files = (
			);
			runOnlyForDeploymentPostprocessing = 0;
		};
		7A4EB81522959B0300257009 /* Frameworks */ = {
			isa = PBXFrameworksBuildPhase;
			buildActionMask = 2147483647;
			files = (
			);
			runOnlyForDeploymentPostprocessing = 0;
		};
/* End PBXFrameworksBuildPhase section */

/* Begin PBXGroup section */
		7A4EB7F022959B0100257009 = {
			isa = PBXGroup;
			children = (
				7A4EB7FB22959B0200257009 /* PhotoViewer */,
				7A4EB81022959B0300257009 /* PhotoViewerTests */,
				7A4EB81B22959B0300257009 /* PhotoViewerUITests */,
				7A4EB7FA22959B0100257009 /* Products */,
				7A4EB8892295A3F500257009 /* Frameworks */,
			);
			sourceTree = "<group>";
		};
		7A4EB7FA22959B0100257009 /* Products */ = {
			isa = PBXGroup;
			children = (
				7A4EB7F922959B0100257009 /* PhotoViewer.app */,
				7A4EB80D22959B0300257009 /* PhotoViewerTests.xctest */,
				7A4EB81822959B0300257009 /* PhotoViewerUITests.xctest */,
			);
			name = Products;
			sourceTree = "<group>";
		};
		7A4EB7FB22959B0200257009 /* PhotoViewer */ = {
			isa = PBXGroup;
			children = (
				7A4EB8662295A0D100257009 /* CustomUI */,
				7A4EB8632295A0A700257009 /* Constants */,
				7A4EB8602295A06600257009 /* Configuration */,
				7A4EB85522959FD500257009 /* TableSectionItem */,
				7A4EB85022959F8000257009 /* Utility */,
				7A4EB84D22959F5900257009 /* DownloadManager */,
				7A4EB84822959F0800257009 /* NetworkManager */,
				7A4EB84122959E8700257009 /* ModelAndViewModel */,
				7A4EB83922959DD400257009 /* WebserviceManager */,
				7A4EB82C22959C4100257009 /* ViewAndViewControllers */,
				7A4EB82B22959C2700257009 /* Appdelegate */,
				7A4EB82A22959C1300257009 /* UI */,
				7A4EB80322959B0300257009 /* Assets.xcassets */,
				7A4EB80822959B0300257009 /* Info.plist */,
			);
			path = PhotoViewer;
			sourceTree = "<group>";
		};
		7A4EB81022959B0300257009 /* PhotoViewerTests */ = {
			isa = PBXGroup;
			children = (
				7A4EB88D2295A85300257009 /* ViewAndViewControllers */,
				7A4EB8762295A2B400257009 /* HelperClasses */,
				7A4EB86F2295A1E300257009 /* ModelAndViewModel */,
				7A4EB86C2295A1B000257009 /* CommonAlertView */,
				7A4EB8692295A15B00257009 /* Extension */,
				7A4EB81122959B0300257009 /* PhotoViewerTests.swift */,
				7A4EB81322959B0300257009 /* Info.plist */,
			);
			path = PhotoViewerTests;
			sourceTree = "<group>";
		};
		7A4EB81B22959B0300257009 /* PhotoViewerUITests */ = {
			isa = PBXGroup;
			children = (
				7A4EB8802295A37600257009 /* Screen */,
				7A4EB8792295A30700257009 /* FunctionalUITest */,
				7A4EB81C22959B0300257009 /* PhotoViewerUITests.swift */,
				7A4EB8872295A3D200257009 /* AppLaunch.swift */,
				7A4EB81E22959B0300257009 /* Info.plist */,
			);
			path = PhotoViewerUITests;
			sourceTree = "<group>";
		};
		7A4EB82A22959C1300257009 /* UI */ = {
			isa = PBXGroup;
			children = (
				7A4EB83622959D7F00257009 /* HeaderView */,
				7A4EB83522959D3B00257009 /* Storyboard */,
			);
			path = UI;
			sourceTree = "<group>";
		};
		7A4EB82B22959C2700257009 /* Appdelegate */ = {
			isa = PBXGroup;
			children = (
				7A4EB7FC22959B0200257009 /* AppDelegate.swift */,
			);
			path = Appdelegate;
			sourceTree = "<group>";
		};
		7A4EB82C22959C4100257009 /* ViewAndViewControllers */ = {
			isa = PBXGroup;
			children = (
				7A4EB82D22959C7F00257009 /* HomeViewController.swift */,
				7A4EB82F22959C8E00257009 /* WelcomeViewController.swift */,
				7A4EB83122959C9B00257009 /* PhotoDetailsViewController.swift */,
				7A4EB83322959CFB00257009 /* DefaultTableHeaderView.swift */,
			);
			path = ViewAndViewControllers;
			sourceTree = "<group>";
		};
		7A4EB83522959D3B00257009 /* Storyboard */ = {
			isa = PBXGroup;
			children = (
				7A4EB80022959B0200257009 /* Main.storyboard */,
				7A4EB80522959B0300257009 /* LaunchScreen.storyboard */,
			);
			path = Storyboard;
			sourceTree = "<group>";
		};
		7A4EB83622959D7F00257009 /* HeaderView */ = {
			isa = PBXGroup;
			children = (
				7A4EB83722959D9D00257009 /* DefaultTableHeaderView.xib */,
			);
			path = HeaderView;
			sourceTree = "<group>";
		};
		7A4EB83922959DD400257009 /* WebserviceManager */ = {
			isa = PBXGroup;
			children = (
				7A4EB83A22959DF600257009 /* WebserviceRequestManager.swift */,
				7A4EB83C22959E1000257009 /* WebserviceCallManager.swift */,
				7A4EB83E22959E1C00257009 /* PhotoServiceHelper.swift */,
			);
			path = WebserviceManager;
			sourceTree = "<group>";
		};
		7A4EB84122959E8700257009 /* ModelAndViewModel */ = {
			isa = PBXGroup;
			children = (
				7A4EB84322959E9C00257009 /* ViewModel */,
				7A4EB84222959E9500257009 /* Model */,
			);
			path = ModelAndViewModel;
			sourceTree = "<group>";
		};
		7A4EB84222959E9500257009 /* Model */ = {
			isa = PBXGroup;
			children = (
				7A4EB84422959EAA00257009 /* PhotoData.swift */,
			);
			path = Model;
			sourceTree = "<group>";
		};
		7A4EB84322959E9C00257009 /* ViewModel */ = {
			isa = PBXGroup;
			children = (
				7A4EB84622959ED400257009 /* PhotoTableDataSource.swift */,
			);
			path = ViewModel;
			sourceTree = "<group>";
		};
		7A4EB84822959F0800257009 /* NetworkManager */ = {
			isa = PBXGroup;
			children = (
				7A4EB84922959F1800257009 /* Reachability.swift */,
				7A4EB84B22959F2400257009 /* NetworkMonitoringManager.swift */,
			);
			path = NetworkManager;
			sourceTree = "<group>";
		};
		7A4EB84D22959F5900257009 /* DownloadManager */ = {
			isa = PBXGroup;
			children = (
				7A4EB84E22959F6800257009 /* PhotoDownloadManager.swift */,
			);
			path = DownloadManager;
			sourceTree = "<group>";
		};
		7A4EB85022959F8000257009 /* Utility */ = {
			isa = PBXGroup;
			children = (
				7A4EB85122959F8E00257009 /* LoadingOverlay.swift */,
				7A4EB85322959F9A00257009 /* CommonAlertView.swift */,
			);
			path = Utility;
			sourceTree = "<group>";
		};
		7A4EB85522959FD500257009 /* TableSectionItem */ = {
			isa = PBXGroup;
			children = (
				7A4EB85622959FE400257009 /* PhotoCellItem.swift */,
				7A4EB85822959FEE00257009 /* TableSection.swift */,
				7A4EB85A22959FF700257009 /* TableHeaderItem.swift */,
				7A4EB85C2295A00000257009 /* TableSectionItem.swift */,
				7A4EB85E2295A00B00257009 /* PhotoHeaderItem.swift */,
			);
			path = TableSectionItem;
			sourceTree = "<group>";
		};
		7A4EB8602295A06600257009 /* Configuration */ = {
			isa = PBXGroup;
			children = (
				7A4EB8612295A07600257009 /* Websettings.swift */,
			);
			path = Configuration;
			sourceTree = "<group>";
		};
		7A4EB8632295A0A700257009 /* Constants */ = {
			isa = PBXGroup;
			children = (
				7A4EB8642295A0B300257009 /* PhotoviewerConstants.swift */,
			);
			path = Constants;
			sourceTree = "<group>";
		};
		7A4EB8662295A0D100257009 /* CustomUI */ = {
			isa = PBXGroup;
			children = (
				7A4EB8672295A0E000257009 /* MarqueeLabel.swift */,
			);
			path = CustomUI;
			sourceTree = "<group>";
		};
		7A4EB8692295A15B00257009 /* Extension */ = {
			isa = PBXGroup;
			children = (
				7A4EB86A2295A17500257009 /*  XCTestCase+Extension.swift */,
			);
			path = Extension;
			sourceTree = "<group>";
		};
		7A4EB86C2295A1B000257009 /* CommonAlertView */ = {
			isa = PBXGroup;
			children = (
				7A4EB86D2295A1C300257009 /* CommonAlertViewTestCase.swift */,
			);
			path = CommonAlertView;
			sourceTree = "<group>";
		};
		7A4EB86F2295A1E300257009 /* ModelAndViewModel */ = {
			isa = PBXGroup;
			children = (
				7A4EB8732295A23E00257009 /* Model */,
				7A4EB8722295A23500257009 /* ViewModel */,
			);
			path = ModelAndViewModel;
			sourceTree = "<group>";
		};
		7A4EB8722295A23500257009 /* ViewModel */ = {
			isa = PBXGroup;
			children = (
				7A4EB8702295A1FB00257009 /* PhotoTableDataSourceManagerTestCase.swift */,
			);
			path = ViewModel;
			sourceTree = "<group>";
		};
		7A4EB8732295A23E00257009 /* Model */ = {
			isa = PBXGroup;
			children = (
				7A4EB8742295A28300257009 /* PhotoTestData.swift */,
			);
			path = Model;
			sourceTree = "<group>";
		};
		7A4EB8762295A2B400257009 /* HelperClasses */ = {
			isa = PBXGroup;
			children = (
				7A4EB8772295A2C400257009 /* MockPhotoServiceHelper.swift */,
			);
			path = HelperClasses;
			sourceTree = "<group>";
		};
		7A4EB8792295A30700257009 /* FunctionalUITest */ = {
			isa = PBXGroup;
			children = (
				7A4EB87A2295A32300257009 /* WelcomeViewControllerUITest.swift */,
				7A4EB87C2295A32C00257009 /* HomeViewControllerUITest.swift */,
				7A4EB87E2295A33500257009 /* PhotoDetailsViewControllerUITest.swift */,
			);
			path = FunctionalUITest;
			sourceTree = "<group>";
		};
		7A4EB8802295A37600257009 /* Screen */ = {
			isa = PBXGroup;
			children = (
				7A4EB8812295A38300257009 /* WelcomeViewScreen.swift */,
				7A4EB8832295A38C00257009 /* HomeScreen.swift */,
				7A4EB8852295A39400257009 /* PhotoDetailsScreen.swift */,
			);
			path = Screen;
			sourceTree = "<group>";
		};
		7A4EB8892295A3F500257009 /* Frameworks */ = {
			isa = PBXGroup;
			children = (
				7A4EB88A2295A3F500257009 /* SystemConfiguration.framework */,
			);
			name = Frameworks;
			sourceTree = "<group>";
		};
		7A4EB88D2295A85300257009 /* ViewAndViewControllers */ = {
			isa = PBXGroup;
			children = (
				7A4EB88E2295A86700257009 /* WelcomeViewControllerTestCase.swift */,
				7A4EB8902295A87D00257009 /* HomeViewControllerTestCase.swift */,
				7A4EB8922295A88700257009 /* PhotoDetailsViewControllerTestCase.swift */,
			);
			path = ViewAndViewControllers;
			sourceTree = "<group>";
		};
/* End PBXGroup section */

/* Begin PBXNativeTarget section */
		7A4EB7F822959B0100257009 /* PhotoViewer */ = {
			isa = PBXNativeTarget;
			buildConfigurationList = 7A4EB82122959B0300257009 /* Build configuration list for PBXNativeTarget "PhotoViewer" */;
			buildPhases = (
				7A4EB7F522959B0100257009 /* Sources */,
				7A4EB7F622959B0100257009 /* Frameworks */,
				7A4EB7F722959B0100257009 /* Resources */,
			);
			buildRules = (
			);
			dependencies = (
			);
			name = PhotoViewer;
			productName = PhotoViewer;
			productReference = 7A4EB7F922959B0100257009 /* PhotoViewer.app */;
			productType = "com.apple.product-type.application";
		};
		7A4EB80C22959B0300257009 /* PhotoViewerTests */ = {
			isa = PBXNativeTarget;
			buildConfigurationList = 7A4EB82422959B0300257009 /* Build configuration list for PBXNativeTarget "PhotoViewerTests" */;
			buildPhases = (
				7A4EB80922959B0300257009 /* Sources */,
				7A4EB80A22959B0300257009 /* Frameworks */,
				7A4EB80B22959B0300257009 /* Resources */,
			);
			buildRules = (
			);
			dependencies = (
				7A4EB80F22959B0300257009 /* PBXTargetDependency */,
			);
			name = PhotoViewerTests;
			productName = PhotoViewerTests;
			productReference = 7A4EB80D22959B0300257009 /* PhotoViewerTests.xctest */;
			productType = "com.apple.product-type.bundle.unit-test";
		};
		7A4EB81722959B0300257009 /* PhotoViewerUITests */ = {
			isa = PBXNativeTarget;
			buildConfigurationList = 7A4EB82722959B0300257009 /* Build configuration list for PBXNativeTarget "PhotoViewerUITests" */;
			buildPhases = (
				7A4EB81422959B0300257009 /* Sources */,
				7A4EB81522959B0300257009 /* Frameworks */,
				7A4EB81622959B0300257009 /* Resources */,
			);
			buildRules = (
			);
			dependencies = (
				7A4EB81A22959B0300257009 /* PBXTargetDependency */,
			);
			name = PhotoViewerUITests;
			productName = PhotoViewerUITests;
			productReference = 7A4EB81822959B0300257009 /* PhotoViewerUITests.xctest */;
			productType = "com.apple.product-type.bundle.ui-testing";
		};
/* End PBXNativeTarget section */

/* Begin PBXProject section */
		7A4EB7F122959B0100257009 /* Project object */ = {
			isa = PBXProject;
			attributes = {
				LastSwiftUpdateCheck = 1010;
				LastUpgradeCheck = 1010;
				ORGANIZATIONNAME = "Dutta, Soumitra";
				TargetAttributes = {
					7A4EB7F822959B0100257009 = {
						CreatedOnToolsVersion = 10.1;
					};
					7A4EB80C22959B0300257009 = {
						CreatedOnToolsVersion = 10.1;
						TestTargetID = 7A4EB7F822959B0100257009;
					};
					7A4EB81722959B0300257009 = {
						CreatedOnToolsVersion = 10.1;
						TestTargetID = 7A4EB7F822959B0100257009;
					};
				};
			};
			buildConfigurationList = 7A4EB7F422959B0100257009 /* Build configuration list for PBXProject "PhotoViewer" */;
			compatibilityVersion = "Xcode 9.3";
			developmentRegion = en;
			hasScannedForEncodings = 0;
			knownRegions = (
				en,
				Base,
			);
			mainGroup = 7A4EB7F022959B0100257009;
			productRefGroup = 7A4EB7FA22959B0100257009 /* Products */;
			projectDirPath = "";
			projectRoot = "";
			targets = (
				7A4EB7F822959B0100257009 /* PhotoViewer */,
				7A4EB80C22959B0300257009 /* PhotoViewerTests */,
				7A4EB81722959B0300257009 /* PhotoViewerUITests */,
			);
		};
/* End PBXProject section */

/* Begin PBXResourcesBuildPhase section */
		7A4EB7F722959B0100257009 /* Resources */ = {
			isa = PBXResourcesBuildPhase;
			buildActionMask = 2147483647;
			files = (
				7A4EB80722959B0300257009 /* LaunchScreen.storyboard in Resources */,
				7A4EB80422959B0300257009 /* Assets.xcassets in Resources */,
				7A4EB80222959B0200257009 /* Main.storyboard in Resources */,
				7A4EB83822959D9D00257009 /* DefaultTableHeaderView.xib in Resources */,
			);
			runOnlyForDeploymentPostprocessing = 0;
		};
		7A4EB80B22959B0300257009 /* Resources */ = {
			isa = PBXResourcesBuildPhase;
			buildActionMask = 2147483647;
			files = (
			);
			runOnlyForDeploymentPostprocessing = 0;
		};
		7A4EB81622959B0300257009 /* Resources */ = {
			isa = PBXResourcesBuildPhase;
			buildActionMask = 2147483647;
			files = (
			);
			runOnlyForDeploymentPostprocessing = 0;
		};
/* End PBXResourcesBuildPhase section */

/* Begin PBXSourcesBuildPhase section */
		7A4EB7F522959B0100257009 /* Sources */ = {
			isa = PBXSourcesBuildPhase;
			buildActionMask = 2147483647;
			files = (
				7A4EB8622295A07600257009 /* Websettings.swift in Sources */,
				7A4EB85922959FEE00257009 /* TableSection.swift in Sources */,
				7A4EB84C22959F2400257009 /* NetworkMonitoringManager.swift in Sources */,
				7A4EB83422959CFB00257009 /* DefaultTableHeaderView.swift in Sources */,
				7A4EB83022959C8E00257009 /* WelcomeViewController.swift in Sources */,
				7A4EB85722959FE400257009 /* PhotoCellItem.swift in Sources */,
				7A4EB83222959C9B00257009 /* PhotoDetailsViewController.swift in Sources */,
				7A4EB84522959EAA00257009 /* PhotoData.swift in Sources */,
				7A4EB84F22959F6800257009 /* PhotoDownloadManager.swift in Sources */,
				7A4EB85422959F9A00257009 /* CommonAlertView.swift in Sources */,
				7A4EB85B22959FF700257009 /* TableHeaderItem.swift in Sources */,
				7A4EB83D22959E1000257009 /* WebserviceCallManager.swift in Sources */,
				7A4EB85222959F8E00257009 /* LoadingOverlay.swift in Sources */,
				7A4EB84722959ED400257009 /* PhotoTableDataSource.swift in Sources */,
				7A4EB82E22959C7F00257009 /* HomeViewController.swift in Sources */,
				7A4EB83F22959E1C00257009 /* PhotoServiceHelper.swift in Sources */,
				7A4EB7FD22959B0200257009 /* AppDelegate.swift in Sources */,
				7A4EB83B22959DF600257009 /* WebserviceRequestManager.swift in Sources */,
				7A4EB8682295A0E000257009 /* MarqueeLabel.swift in Sources */,
				7A4EB84A22959F1800257009 /* Reachability.swift in Sources */,
				7A4EB85D2295A00000257009 /* TableSectionItem.swift in Sources */,
				7A4EB85F2295A00B00257009 /* PhotoHeaderItem.swift in Sources */,
				7A4EB8652295A0B300257009 /* PhotoviewerConstants.swift in Sources */,
			);
			runOnlyForDeploymentPostprocessing = 0;
		};
		7A4EB80922959B0300257009 /* Sources */ = {
			isa = PBXSourcesBuildPhase;
			buildActionMask = 2147483647;
			files = (
				7A4EB8932295A88700257009 /* PhotoDetailsViewControllerTestCase.swift in Sources */,
				7A4EB88F2295A86700257009 /* WelcomeViewControllerTestCase.swift in Sources */,
				7A4EB8752295A28300257009 /* PhotoTestData.swift in Sources */,
				7A4EB86E2295A1C300257009 /* CommonAlertViewTestCase.swift in Sources */,
				7A4EB8942295A8E400257009 /* PhotoviewerConstants.swift in Sources */,
				7A4EB81222959B0300257009 /* PhotoViewerTests.swift in Sources */,
				7A4EB8912295A87D00257009 /* HomeViewControllerTestCase.swift in Sources */,
				7A4EB8782295A2C400257009 /* MockPhotoServiceHelper.swift in Sources */,
				7A4EB86B2295A17500257009 /*  XCTestCase+Extension.swift in Sources */,
				7A4EB8712295A1FB00257009 /* PhotoTableDataSourceManagerTestCase.swift in Sources */,
			);
			runOnlyForDeploymentPostprocessing = 0;
		};
		7A4EB81422959B0300257009 /* Sources */ = {
			isa = PBXSourcesBuildPhase;
			buildActionMask = 2147483647;
			files = (
				7A4EB8842295A38C00257009 /* HomeScreen.swift in Sources */,
				7A4EB8822295A38300257009 /* WelcomeViewScreen.swift in Sources */,
				7A4EB87D2295A32C00257009 /* HomeViewControllerUITest.swift in Sources */,
				7A4EB88C2295A54600257009 /*  XCTestCase+Extension.swift in Sources */,
				7A4EB8952295A8E500257009 /* PhotoviewerConstants.swift in Sources */,
				7A4EB8882295A3D200257009 /* AppLaunch.swift in Sources */,
				7A4EB87F2295A33500257009 /* PhotoDetailsViewControllerUITest.swift in Sources */,
				7A4EB81D22959B0300257009 /* PhotoViewerUITests.swift in Sources */,
				7A4EB87B2295A32300257009 /* WelcomeViewControllerUITest.swift in Sources */,
				7A4EB8862295A39400257009 /* PhotoDetailsScreen.swift in Sources */,
			);
			runOnlyForDeploymentPostprocessing = 0;
		};
/* End PBXSourcesBuildPhase section */

/* Begin PBXTargetDependency section */
		7A4EB80F22959B0300257009 /* PBXTargetDependency */ = {
			isa = PBXTargetDependency;
			target = 7A4EB7F822959B0100257009 /* PhotoViewer */;
			targetProxy = 7A4EB80E22959B0300257009 /* PBXContainerItemProxy */;
		};
		7A4EB81A22959B0300257009 /* PBXTargetDependency */ = {
			isa = PBXTargetDependency;
			target = 7A4EB7F822959B0100257009 /* PhotoViewer */;
			targetProxy = 7A4EB81922959B0300257009 /* PBXContainerItemProxy */;
		};
/* End PBXTargetDependency section */

/* Begin PBXVariantGroup section */
		7A4EB80022959B0200257009 /* Main.storyboard */ = {
			isa = PBXVariantGroup;
			children = (
				7A4EB80122959B0200257009 /* Base */,
			);
			name = Main.storyboard;
			sourceTree = "<group>";
		};
		7A4EB80522959B0300257009 /* LaunchScreen.storyboard */ = {
			isa = PBXVariantGroup;
			children = (
				7A4EB80622959B0300257009 /* Base */,
			);
			name = LaunchScreen.storyboard;
			sourceTree = "<group>";
		};
/* End PBXVariantGroup section */

/* Begin XCBuildConfiguration section */
		7A4EB81F22959B0300257009 /* Debug */ = {
			isa = XCBuildConfiguration;
			buildSettings = {
				ALWAYS_SEARCH_USER_PATHS = NO;
				CLANG_ANALYZER_NONNULL = YES;
				CLANG_ANALYZER_NUMBER_OBJECT_CONVERSION = YES_AGGRESSIVE;
				CLANG_CXX_LANGUAGE_STANDARD = "gnu++14";
				CLANG_CXX_LIBRARY = "libc++";
				CLANG_ENABLE_MODULES = YES;
				CLANG_ENABLE_OBJC_ARC = YES;
				CLANG_ENABLE_OBJC_WEAK = YES;
				CLANG_WARN_BLOCK_CAPTURE_AUTORELEASING = YES;
				CLANG_WARN_BOOL_CONVERSION = YES;
				CLANG_WARN_COMMA = YES;
				CLANG_WARN_CONSTANT_CONVERSION = YES;
				CLANG_WARN_DEPRECATED_OBJC_IMPLEMENTATIONS = YES;
				CLANG_WARN_DIRECT_OBJC_ISA_USAGE = YES_ERROR;
				CLANG_WARN_DOCUMENTATION_COMMENTS = YES;
				CLANG_WARN_EMPTY_BODY = YES;
				CLANG_WARN_ENUM_CONVERSION = YES;
				CLANG_WARN_INFINITE_RECURSION = YES;
				CLANG_WARN_INT_CONVERSION = YES;
				CLANG_WARN_NON_LITERAL_NULL_CONVERSION = YES;
				CLANG_WARN_OBJC_IMPLICIT_RETAIN_SELF = YES;
				CLANG_WARN_OBJC_LITERAL_CONVERSION = YES;
				CLANG_WARN_OBJC_ROOT_CLASS = YES_ERROR;
				CLANG_WARN_RANGE_LOOP_ANALYSIS = YES;
				CLANG_WARN_STRICT_PROTOTYPES = YES;
				CLANG_WARN_SUSPICIOUS_MOVE = YES;
				CLANG_WARN_UNGUARDED_AVAILABILITY = YES_AGGRESSIVE;
				CLANG_WARN_UNREACHABLE_CODE = YES;
				CLANG_WARN__DUPLICATE_METHOD_MATCH = YES;
				CODE_SIGN_IDENTITY = "iPhone Developer";
				COPY_PHASE_STRIP = NO;
				DEBUG_INFORMATION_FORMAT = dwarf;
				ENABLE_STRICT_OBJC_MSGSEND = YES;
				ENABLE_TESTABILITY = YES;
				GCC_C_LANGUAGE_STANDARD = gnu11;
				GCC_DYNAMIC_NO_PIC = NO;
				GCC_NO_COMMON_BLOCKS = YES;
				GCC_OPTIMIZATION_LEVEL = 0;
				GCC_PREPROCESSOR_DEFINITIONS = (
					"DEBUG=1",
					"$(inherited)",
				);
				GCC_WARN_64_TO_32_BIT_CONVERSION = YES;
				GCC_WARN_ABOUT_RETURN_TYPE = YES_ERROR;
				GCC_WARN_UNDECLARED_SELECTOR = YES;
				GCC_WARN_UNINITIALIZED_AUTOS = YES_AGGRESSIVE;
				GCC_WARN_UNUSED_FUNCTION = YES;
				GCC_WARN_UNUSED_VARIABLE = YES;
				IPHONEOS_DEPLOYMENT_TARGET = 12.1;
				MTL_ENABLE_DEBUG_INFO = INCLUDE_SOURCE;
				MTL_FAST_MATH = YES;
				ONLY_ACTIVE_ARCH = YES;
				SDKROOT = iphoneos;
				SWIFT_ACTIVE_COMPILATION_CONDITIONS = DEBUG;
				SWIFT_OPTIMIZATION_LEVEL = "-Onone";
			};
			name = Debug;
		};
		7A4EB82022959B0300257009 /* Release */ = {
			isa = XCBuildConfiguration;
			buildSettings = {
				ALWAYS_SEARCH_USER_PATHS = NO;
				CLANG_ANALYZER_NONNULL = YES;
				CLANG_ANALYZER_NUMBER_OBJECT_CONVERSION = YES_AGGRESSIVE;
				CLANG_CXX_LANGUAGE_STANDARD = "gnu++14";
				CLANG_CXX_LIBRARY = "libc++";
				CLANG_ENABLE_MODULES = YES;
				CLANG_ENABLE_OBJC_ARC = YES;
				CLANG_ENABLE_OBJC_WEAK = YES;
				CLANG_WARN_BLOCK_CAPTURE_AUTORELEASING = YES;
				CLANG_WARN_BOOL_CONVERSION = YES;
				CLANG_WARN_COMMA = YES;
				CLANG_WARN_CONSTANT_CONVERSION = YES;
				CLANG_WARN_DEPRECATED_OBJC_IMPLEMENTATIONS = YES;
				CLANG_WARN_DIRECT_OBJC_ISA_USAGE = YES_ERROR;
				CLANG_WARN_DOCUMENTATION_COMMENTS = YES;
				CLANG_WARN_EMPTY_BODY = YES;
				CLANG_WARN_ENUM_CONVERSION = YES;
				CLANG_WARN_INFINITE_RECURSION = YES;
				CLANG_WARN_INT_CONVERSION = YES;
				CLANG_WARN_NON_LITERAL_NULL_CONVERSION = YES;
				CLANG_WARN_OBJC_IMPLICIT_RETAIN_SELF = YES;
				CLANG_WARN_OBJC_LITERAL_CONVERSION = YES;
				CLANG_WARN_OBJC_ROOT_CLASS = YES_ERROR;
				CLANG_WARN_RANGE_LOOP_ANALYSIS = YES;
				CLANG_WARN_STRICT_PROTOTYPES = YES;
				CLANG_WARN_SUSPICIOUS_MOVE = YES;
				CLANG_WARN_UNGUARDED_AVAILABILITY = YES_AGGRESSIVE;
				CLANG_WARN_UNREACHABLE_CODE = YES;
				CLANG_WARN__DUPLICATE_METHOD_MATCH = YES;
				CODE_SIGN_IDENTITY = "iPhone Developer";
				COPY_PHASE_STRIP = NO;
				DEBUG_INFORMATION_FORMAT = "dwarf-with-dsym";
				ENABLE_NS_ASSERTIONS = NO;
				ENABLE_STRICT_OBJC_MSGSEND = YES;
				GCC_C_LANGUAGE_STANDARD = gnu11;
				GCC_NO_COMMON_BLOCKS = YES;
				GCC_WARN_64_TO_32_BIT_CONVERSION = YES;
				GCC_WARN_ABOUT_RETURN_TYPE = YES_ERROR;
				GCC_WARN_UNDECLARED_SELECTOR = YES;
				GCC_WARN_UNINITIALIZED_AUTOS = YES_AGGRESSIVE;
				GCC_WARN_UNUSED_FUNCTION = YES;
				GCC_WARN_UNUSED_VARIABLE = YES;
				IPHONEOS_DEPLOYMENT_TARGET = 12.1;
				MTL_ENABLE_DEBUG_INFO = NO;
				MTL_FAST_MATH = YES;
				SDKROOT = iphoneos;
				SWIFT_COMPILATION_MODE = wholemodule;
				SWIFT_OPTIMIZATION_LEVEL = "-O";
				VALIDATE_PRODUCT = YES;
			};
			name = Release;
		};
		7A4EB82222959B0300257009 /* Debug */ = {
			isa = XCBuildConfiguration;
			buildSettings = {
				ASSETCATALOG_COMPILER_APPICON_NAME = AppIcon;
				CODE_SIGN_STYLE = Automatic;
				DEVELOPMENT_TEAM = H42YGB8YB8;
				INFOPLIST_FILE = PhotoViewer/Info.plist;
				IPHONEOS_DEPLOYMENT_TARGET = 11.0;
				LD_RUNPATH_SEARCH_PATHS = (
					"$(inherited)",
					"@executable_path/Frameworks",
				);
				OTHER_SWIFT_FLAGS = "-DDEVELOPMENT";
				PRODUCT_BUNDLE_IDENTIFIER = Soumitra.PhotoViewer;
				PRODUCT_NAME = "$(TARGET_NAME)";
				SWIFT_VERSION = 4.2;
				TARGETED_DEVICE_FAMILY = 1;
			};
			name = Debug;
		};
		7A4EB82322959B0300257009 /* Release */ = {
			isa = XCBuildConfiguration;
			buildSettings = {
				ASSETCATALOG_COMPILER_APPICON_NAME = AppIcon;
				CODE_SIGN_STYLE = Automatic;
				DEVELOPMENT_TEAM = H42YGB8YB8;
				INFOPLIST_FILE = PhotoViewer/Info.plist;
				IPHONEOS_DEPLOYMENT_TARGET = 11.0;
				LD_RUNPATH_SEARCH_PATHS = (
					"$(inherited)",
					"@executable_path/Frameworks",
				);
				OTHER_SWIFT_FLAGS = "-DPRODUCTION";
				PRODUCT_BUNDLE_IDENTIFIER = Soumitra.PhotoViewer;
				PRODUCT_NAME = "$(TARGET_NAME)";
				SWIFT_VERSION = 4.2;
				TARGETED_DEVICE_FAMILY = 1;
			};
			name = Release;
		};
		7A4EB82522959B0300257009 /* Debug */ = {
			isa = XCBuildConfiguration;
			buildSettings = {
				ALWAYS_EMBED_SWIFT_STANDARD_LIBRARIES = YES;
				BUNDLE_LOADER = "$(TEST_HOST)";
				CODE_SIGN_STYLE = Automatic;
				DEVELOPMENT_TEAM = H42YGB8YB8;
				INFOPLIST_FILE = PhotoViewerTests/Info.plist;
				LD_RUNPATH_SEARCH_PATHS = (
					"$(inherited)",
					"@executable_path/Frameworks",
					"@loader_path/Frameworks",
				);
				PRODUCT_BUNDLE_IDENTIFIER = Soumitra.PhotoViewerTests;
				PRODUCT_NAME = "$(TARGET_NAME)";
				SWIFT_VERSION = 4.2;
				TARGETED_DEVICE_FAMILY = "1,2";
				TEST_HOST = "$(BUILT_PRODUCTS_DIR)/PhotoViewer.app/PhotoViewer";
			};
			name = Debug;
		};
		7A4EB82622959B0300257009 /* Release */ = {
			isa = XCBuildConfiguration;
			buildSettings = {
				ALWAYS_EMBED_SWIFT_STANDARD_LIBRARIES = YES;
				BUNDLE_LOADER = "$(TEST_HOST)";
				CODE_SIGN_STYLE = Automatic;
				DEVELOPMENT_TEAM = H42YGB8YB8;
				INFOPLIST_FILE = PhotoViewerTests/Info.plist;
				LD_RUNPATH_SEARCH_PATHS = (
					"$(inherited)",
					"@executable_path/Frameworks",
					"@loader_path/Frameworks",
				);
				PRODUCT_BUNDLE_IDENTIFIER = Soumitra.PhotoViewerTests;
				PRODUCT_NAME = "$(TARGET_NAME)";
				SWIFT_VERSION = 4.2;
				TARGETED_DEVICE_FAMILY = "1,2";
				TEST_HOST = "$(BUILT_PRODUCTS_DIR)/PhotoViewer.app/PhotoViewer";
			};
			name = Release;
		};
		7A4EB82822959B0300257009 /* Debug */ = {
			isa = XCBuildConfiguration;
			buildSettings = {
				ALWAYS_EMBED_SWIFT_STANDARD_LIBRARIES = YES;
				CODE_SIGN_STYLE = Automatic;
				DEVELOPMENT_TEAM = H42YGB8YB8;
				INFOPLIST_FILE = PhotoViewerUITests/Info.plist;
				LD_RUNPATH_SEARCH_PATHS = (
					"$(inherited)",
					"@executable_path/Frameworks",
					"@loader_path/Frameworks",
				);
				PRODUCT_BUNDLE_IDENTIFIER = Soumitra.PhotoViewerUITests;
				PRODUCT_NAME = "$(TARGET_NAME)";
				SWIFT_VERSION = 4.2;
				TARGETED_DEVICE_FAMILY = "1,2";
				TEST_TARGET_NAME = PhotoViewer;
			};
			name = Debug;
		};
		7A4EB82922959B0300257009 /* Release */ = {
			isa = XCBuildConfiguration;
			buildSettings = {
				ALWAYS_EMBED_SWIFT_STANDARD_LIBRARIES = YES;
				CODE_SIGN_STYLE = Automatic;
				DEVELOPMENT_TEAM = H42YGB8YB8;
				INFOPLIST_FILE = PhotoViewerUITests/Info.plist;
				LD_RUNPATH_SEARCH_PATHS = (
					"$(inherited)",
					"@executable_path/Frameworks",
					"@loader_path/Frameworks",
				);
				PRODUCT_BUNDLE_IDENTIFIER = Soumitra.PhotoViewerUITests;
				PRODUCT_NAME = "$(TARGET_NAME)";
				SWIFT_VERSION = 4.2;
				TARGETED_DEVICE_FAMILY = "1,2";
				TEST_TARGET_NAME = PhotoViewer;
			};
			name = Release;
		};
/* End XCBuildConfiguration section */

/* Begin XCConfigurationList section */
		7A4EB7F422959B0100257009 /* Build configuration list for PBXProject "PhotoViewer" */ = {
			isa = XCConfigurationList;
			buildConfigurations = (
				7A4EB81F22959B0300257009 /* Debug */,
				7A4EB82022959B0300257009 /* Release */,
			);
			defaultConfigurationIsVisible = 0;
			defaultConfigurationName = Release;
		};
		7A4EB82122959B0300257009 /* Build configuration list for PBXNativeTarget "PhotoViewer" */ = {
			isa = XCConfigurationList;
			buildConfigurations = (
				7A4EB82222959B0300257009 /* Debug */,
				7A4EB82322959B0300257009 /* Release */,
			);
			defaultConfigurationIsVisible = 0;
			defaultConfigurationName = Release;
		};
		7A4EB82422959B0300257009 /* Build configuration list for PBXNativeTarget "PhotoViewerTests" */ = {
			isa = XCConfigurationList;
			buildConfigurations = (
				7A4EB82522959B0300257009 /* Debug */,
				7A4EB82622959B0300257009 /* Release */,
			);
			defaultConfigurationIsVisible = 0;
			defaultConfigurationName = Release;
		};
		7A4EB82722959B0300257009 /* Build configuration list for PBXNativeTarget "PhotoViewerUITests" */ = {
			isa = XCConfigurationList;
			buildConfigurations = (
				7A4EB82822959B0300257009 /* Debug */,
				7A4EB82922959B0300257009 /* Release */,
			);
			defaultConfigurationIsVisible = 0;
			defaultConfigurationName = Release;
		};
/* End XCConfigurationList section */
	};
	rootObject = 7A4EB7F122959B0100257009 /* Project object */;
}
